
Microsoft Visual Studio Solution File, Format Version 12.00
# Visual Studio Version 16
VisualStudioVersion = 16.0.29424.173
MinimumVisualStudioVersion = 10.0.40219.1
Project("{8BC9CEB8-8B4A-11D0-8D11-00A0C91BC942}") = "Pa3", "Pa3\Pa3.vcxproj", "{20A3CCAF-F2B7-4EE3-BFF7-BB09FC111E56}"
EndProject
Global
	GlobalSection(SolutionConfigurationPlatforms) = preSolution
		Debug|x64 = Debug|x64
		Debug|x86 = Debug|x86
		Release|x64 = Release|x64
		Release|x86 = Release|x86
	EndGlobalSection
	GlobalSection(ProjectConfigurationPlatforms) = postSolution
		{20A3CCAF-F2B7-4EE3-BFF7-BB09FC111E56}.Debug|x64.ActiveCfg = Debug|x64
		{20A3CCAF-F2B7-4EE3-BFF7-BB09FC111E56}.Debug|x64.Build.0 = Debug|x64
		{20A3CCAF-F2B7-4EE3-BFF7-BB09FC111E56}.Debug|x86.ActiveCfg = Debug|Win32
		{20A3CCAF-F2B7-4EE3-BFF7-BB09FC111E56}.Debug|x86.Build.0 = Debug|Win32
		{20A3CCAF-F2B7-4EE3-BFF7-BB09FC111E56}.Release|x64.ActiveCfg = Release|x64
		{20A3CCAF-F2B7-4EE3-BFF7-BB09FC111E56}.Release|x64.Build.0 = Release|x64
		{20A3CCAF-F2B7-4EE3-BFF7-BB09FC111E56}.Release|x86.ActiveCfg = Release|Win32
		{20A3CCAF-F2B7-4EE3-BFF7-BB09FC111E56}.Release|x86.Build.0 = Release|Win32
	EndGlobalSection
	GlobalSection(SolutionProperties) = preSolution
		HideSolutionNode = FALSE
	EndGlobalSection
	GlobalSection(ExtensibilityGlobals) = postSolution
		SolutionGuid = {A083D8F1-F132-4AC1-929A-F667F0FB9C57}
	EndGlobalSection
EndGlobal
